// !$*UTF8*$!
{
	archiveVersion = 1;
	classes = {
	};
	objectVersion = 46;
	objects = {

/* Begin PBXBuildFile section */
		593C15441F44C5E900481F48 /* main.m in Sources */ = {isa = PBXBuildFile; fileRef = 593C15431F44C5E900481F48 /* main.m */; };
		593C15471F44C5E900481F48 /* AppDelegate.m in Sources */ = {isa = PBXBuildFile; fileRef = 593C15461F44C5E900481F48 /* AppDelegate.m */; };
		593C154A1F44C5E900481F48 /* EveryDoAgain.xcdatamodeld in Sources */ = {isa = PBXBuildFile; fileRef = 593C15481F44C5E900481F48 /* EveryDoAgain.xcdatamodeld */; };
		593C154D1F44C5E900481F48 /* MasterViewController.m in Sources */ = {isa = PBXBuildFile; fileRef = 593C154C1F44C5E900481F48 /* MasterViewController.m */; };
		593C15501F44C5E900481F48 /* DetailViewController.m in Sources */ = {isa = PBXBuildFile; fileRef = 593C154F1F44C5E900481F48 /* DetailViewController.m */; };
		593C15531F44C5E900481F48 /* Main.storyboard in Resources */ = {isa = PBXBuildFile; fileRef = 593C15511F44C5E900481F48 /* Main.storyboard */; };
		593C15551F44C5E900481F48 /* Assets.xcassets in Resources */ = {isa = PBXBuildFile; fileRef = 593C15541F44C5E900481F48 /* Assets.xcassets */; };
		593C15581F44C5E900481F48 /* LaunchScreen.storyboard in Resources */ = {isa = PBXBuildFile; fileRef = 593C15561F44C5E900481F48 /* LaunchScreen.storyboard */; };
/* End PBXBuildFile section */

/* Begin PBXFileReference section */
		593C153F1F44C5E900481F48 /* EveryDoAgain.app */ = {isa = PBXFileReference; explicitFileType = wrapper.application; includeInIndex = 0; path = EveryDoAgain.app; sourceTree = BUILT_PRODUCTS_DIR; };
		593C15431F44C5E900481F48 /* main.m */ = {isa = PBXFileReference; lastKnownFileType = sourcecode.c.objc; path = main.m; sourceTree = "<group>"; };
		593C15451F44C5E900481F48 /* AppDelegate.h */ = {isa = PBXFileReference; lastKnownFileType = sourcecode.c.h; path = AppDelegate.h; sourceTree = "<group>"; };
		593C15461F44C5E900481F48 /* AppDelegate.m */ = {isa = PBXFileReference; lastKnownFileType = sourcecode.c.objc; path = AppDelegate.m; sourceTree = "<group>"; };
		593C15491F44C5E900481F48 /* EveryDoAgain.xcdatamodel */ = {isa = PBXFileReference; lastKnownFileType = wrapper.xcdatamodel; path = EveryDoAgain.xcdatamodel; sourceTree = "<group>"; };
		593C154B1F44C5E900481F48 /* MasterViewController.h */ = {isa = PBXFileReference; lastKnownFileType = sourcecode.c.h; path = MasterViewController.h; sourceTree = "<group>"; };
		593C154C1F44C5E900481F48 /* MasterViewController.m */ = {isa = PBXFileReference; lastKnownFileType = sourcecode.c.objc; path = MasterViewController.m; sourceTree = "<group>"; };
		593C154E1F44C5E900481F48 /* DetailViewController.h */ = {isa = PBXFileReference; lastKnownFileType = sourcecode.c.h; path = DetailViewController.h; sourceTree = "<group>"; };
		593C154F1F44C5E900481F48 /* DetailViewController.m */ = {isa = PBXFileReference; lastKnownFileType = sourcecode.c.objc; path = DetailViewController.m; sourceTree = "<group>"; };
		593C15521F44C5E900481F48 /* Base */ = {isa = PBXFileReference; lastKnownFileType = file.storyboard; name = Base; path = Base.lproj/Main.storyboard; sourceTree = "<group>"; };
		593C15541F44C5E900481F48 /* Assets.xcassets */ = {isa = PBXFileReference; lastKnownFileType = folder.assetcatalog; path = Assets.xcassets; sourceTree = "<group>"; };
		593C15571F44C5E900481F48 /* Base */ = {isa = PBXFileReference; lastKnownFileType = file.storyboard; name = Base; path = Base.lproj/LaunchScreen.storyboard; sourceTree = "<group>"; };
		593C15591F44C5E900481F48 /* Info.plist */ = {isa = PBXFileReference; lastKnownFileType = text.plist.xml; path = Info.plist; sourceTree = "<group>"; };
/* End PBXFileReference section */

/* Begin PBXFrameworksBuildPhase section */
		593C153C1F44C5E900481F48 /* Frameworks */ = {
			isa = PBXFrameworksBuildPhase;
			buildActionMask = 2147483647;
			files = (
			);
			runOnlyForDeploymentPostprocessing = 0;
		};
/* End PBXFrameworksBuildPhase section */

/* Begin PBXGroup section */
		593C15361F44C5E900481F48 = {
			isa = PBXGroup;
			children = (
				593C15411F44C5E900481F48 /* EveryDoAgain */,
				593C15401F44C5E900481F48 /* Products */,
			);
			sourceTree = "<group>";
		};
		593C15401F44C5E900481F48 /* Products */ = {
			isa = PBXGroup;
			children = (
				593C153F1F44C5E900481F48 /* EveryDoAgain.app */,
			);
			name = Products;
			sourceTree = "<group>";
		};
		593C15411F44C5E900481F48 /* EveryDoAgain */ = {
			isa = PBXGroup;
			children = (
				593C15451F44C5E900481F48 /* AppDelegate.h */,
				593C15461F44C5E900481F48 /* AppDelegate.m */,
				593C154B1F44C5E900481F48 /* MasterViewController.h */,
				593C154C1F44C5E900481F48 /* MasterViewController.m */,
				593C154E1F44C5E900481F48 /* DetailViewController.h */,
				593C154F1F44C5E900481F48 /* DetailViewController.m */,
				593C15511F44C5E900481F48 /* Main.storyboard */,
				593C15541F44C5E900481F48 /* Assets.xcassets */,
				593C15561F44C5E900481F48 /* LaunchScreen.storyboard */,
				593C15591F44C5E900481F48 /* Info.plist */,
				593C15481F44C5E900481F48 /* EveryDoAgain.xcdatamodeld */,
				593C15421F44C5E900481F48 /* Supporting Files */,
			);
			path = EveryDoAgain;
			sourceTree = "<group>";
		};
		593C15421F44C5E900481F48 /* Supporting Files */ = {
			isa = PBXGroup;
			children = (
				593C15431F44C5E900481F48 /* main.m */,
			);
			name = "Supporting Files";
			sourceTree = "<group>";
		};
/* End PBXGroup section */

/* Begin PBXNativeTarget section */
		593C153E1F44C5E900481F48 /* EveryDoAgain */ = {
			isa = PBXNativeTarget;
			buildConfigurationList = 593C155C1F44C5E900481F48 /* Build configuration list for PBXNativeTarget "EveryDoAgain" */;
			buildPhases = (
				593C153B1F44C5E900481F48 /* Sources */,
				593C153C1F44C5E900481F48 /* Frameworks */,
				593C153D1F44C5E900481F48 /* Resources */,
			);
			buildRules = (
			);
			dependencies = (
			);
			name = EveryDoAgain;
			productName = EveryDoAgain;
			productReference = 593C153F1F44C5E900481F48 /* EveryDoAgain.app */;
			productType = "com.apple.product-type.application";
		};
/* End PBXNativeTarget section */

/* Begin PBXProject section */
		593C15371F44C5E900481F48 /* Project object */ = {
			isa = PBXProject;
			attributes = {
				LastUpgradeCheck = 0830;
				ORGANIZATIONNAME = "Livleen Rai";
				TargetAttributes = {
					593C153E1F44C5E900481F48 = {
						CreatedOnToolsVersion = 8.3.3;
						ProvisioningStyle = Automatic;
					};
				};
			};
			buildConfigurationList = 593C153A1F44C5E900481F48 /* Build configuration list for PBXProject "EveryDoAgain" */;
			compatibilityVersion = "Xcode 3.2";
			developmentRegion = English;
			hasScannedForEncodings = 0;
			knownRegions = (
				en,
				Base,
			);
			mainGroup = 593C15361F44C5E900481F48;
			productRefGroup = 593C15401F44C5E900481F48 /* Products */;
			projectDirPath = "";
			projectRoot = "";
			targets = (
				593C153E1F44C5E900481F48 /* EveryDoAgain */,
			);
		};
/* End PBXProject section */

/* Begin PBXResourcesBuildPhase section */
		593C153D1F44C5E900481F48 /* Resources */ = {
			isa = PBXResourcesBuildPhase;
			buildActionMask = 2147483647;
			files = (
				593C15581F44C5E900481F48 /* LaunchScreen.storyboard in Resources */,
				593C15551F44C5E900481F48 /* Assets.xcassets in Resources */,
				593C15531F44C5E900481F48 /* Main.storyboard in Resources */,
			);
			runOnlyForDeploymentPostprocessing = 0;
		};
/* End PBXResourcesBuildPhase section */

/* Begin PBXSourcesBuildPhase section */
		593C153B1F44C5E900481F48 /* Sources */ = {
			isa = PBXSourcesBuildPhase;
			buildActionMask = 2147483647;
			files = (
				593C15501F44C5E900481F48 /* DetailViewController.m in Sources */,
				593C154D1F44C5E900481F48 /* MasterViewController.m in Sources */,
				593C154A1F44C5E900481F48 /* EveryDoAgain.xcdatamodeld in Sources */,
				593C15471F44C5E900481F48 /* AppDelegate.m in Sources */,
				593C15441F44C5E900481F48 /* main.m in Sources */,
			);
			runOnlyForDeploymentPostprocessing = 0;
		};
/* End PBXSourcesBuildPhase section */

/* Begin PBXVariantGroup section */
		593C15511F44C5E900481F48 /* Main.storyboard */ = {
			isa = PBXVariantGroup;
			children = (
				593C15521F44C5E900481F48 /* Base */,
			);
			name = Main.storyboard;
			sourceTree = "<group>";
		};
		593C15561F44C5E900481F48 /* LaunchScreen.storyboard */ = {
			isa = PBXVariantGroup;
			children = (
				593C15571F44C5E900481F48 /* Base */,
			);
			name = LaunchScreen.storyboard;
			sourceTree = "<group>";
		};
/* End PBXVariantGroup section */

/* Begin XCBuildConfiguration section */
		593C155A1F44C5E900481F48 /* Debug */ = {
			isa = XCBuildConfiguration;
			buildSettings = {
				ALWAYS_SEARCH_USER_PATHS = NO;
				CLANG_ANALYZER_NONNULL = YES;
				CLANG_ANALYZER_NUMBER_OBJECT_CONVERSION = YES_AGGRESSIVE;
				CLANG_CXX_LANGUAGE_STANDARD = "gnu++0x";
				CLANG_CXX_LIBRARY = "libc++";
				CLANG_ENABLE_MODULES = YES;
				CLANG_ENABLE_OBJC_ARC = YES;
				CLANG_WARN_BOOL_CONVERSION = YES;
				CLANG_WARN_CONSTANT_CONVERSION = YES;
				CLANG_WARN_DIRECT_OBJC_ISA_USAGE = YES_ERROR;
				CLANG_WARN_DOCUMENTATION_COMMENTS = YES;
				CLANG_WARN_EMPTY_BODY = YES;
				CLANG_WARN_ENUM_CONVERSION = YES;
				CLANG_WARN_INFINITE_RECURSION = YES;
				CLANG_WARN_INT_CONVERSION = YES;
				CLANG_WARN_OBJC_ROOT_CLASS = YES_ERROR;
				CLANG_WARN_SUSPICIOUS_MOVE = YES;
				CLANG_WARN_UNREACHABLE_CODE = YES;
				CLANG_WARN__DUPLICATE_METHOD_MATCH = YES;
				"CODE_SIGN_IDENTITY[sdk=iphoneos*]" = "iPhone Developer";
				COPY_PHASE_STRIP = NO;
				DEBUG_INFORMATION_FORMAT = dwarf;
				ENABLE_STRICT_OBJC_MSGSEND = YES;
				ENABLE_TESTABILITY = YES;
				GCC_C_LANGUAGE_STANDARD = gnu99;
				GCC_DYNAMIC_NO_PIC = NO;
				GCC_NO_COMMON_BLOCKS = YES;
				GCC_OPTIMIZATION_LEVEL = 0;
				GCC_PREPROCESSOR_DEFINITIONS = (
					"DEBUG=1",
					"$(inherited)",
				);
				GCC_WARN_64_TO_32_BIT_CONVERSION = YES;
				GCC_WARN_ABOUT_RETURN_TYPE = YES_ERROR;
				GCC_WARN_UNDECLARED_SELECTOR = YES;
				GCC_WARN_UNINITIALIZED_AUTOS = YES_AGGRESSIVE;
				GCC_WARN_UNUSED_FUNCTION = YES;
				GCC_WARN_UNUSED_VARIABLE = YES;
				IPHONEOS_DEPLOYMENT_TARGET = 10.3;
				MTL_ENABLE_DEBUG_INFO = YES;
				ONLY_ACTIVE_ARCH = YES;
				SDKROOT = iphoneos;
			};
			name = Debug;
		};
		593C155B1F44C5E900481F48 /* Release */ = {
			isa = XCBuildConfiguration;
			buildSettings = {
				ALWAYS_SEARCH_USER_PATHS = NO;
				CLANG_ANALYZER_NONNULL = YES;
				CLANG_ANALYZER_NUMBER_OBJECT_CONVERSION = YES_AGGRESSIVE;
				CLANG_CXX_LANGUAGE_STANDARD = "gnu++0x";
				CLANG_CXX_LIBRARY = "libc++";
				CLANG_ENABLE_MODULES = YES;
				CLANG_ENABLE_OBJC_ARC = YES;
				CLANG_WARN_BOOL_CONVERSION = YES;
				CLANG_WARN_CONSTANT_CONVERSION = YES;
				CLANG_WARN_DIRECT_OBJC_ISA_USAGE = YES_ERROR;
				CLANG_WARN_DOCUMENTATION_COMMENTS = YES;
				CLANG_WARN_EMPTY_BODY = YES;
				CLANG_WARN_ENUM_CONVERSION = YES;
				CLANG_WARN_INFINITE_RECURSION = YES;
				CLANG_WARN_INT_CONVERSION = YES;
				CLANG_WARN_OBJC_ROOT_CLASS = YES_ERROR;
				CLANG_WARN_SUSPICIOUS_MOVE = YES;
				CLANG_WARN_UNREACHABLE_CODE = YES;
				CLANG_WARN__DUPLICATE_METHOD_MATCH = YES;
				"CODE_SIGN_IDENTITY[sdk=iphoneos*]" = "iPhone Developer";
				COPY_PHASE_STRIP = NO;
				DEBUG_INFORMATION_FORMAT = "dwarf-with-dsym";
				ENABLE_NS_ASSERTIONS = NO;
				ENABLE_STRICT_OBJC_MSGSEND = YES;
				GCC_C_LANGUAGE_STANDARD = gnu99;
				GCC_NO_COMMON_BLOCKS = YES;
				GCC_WARN_64_TO_32_BIT_CONVERSION = YES;
				GCC_WARN_ABOUT_RETURN_TYPE = YES_ERROR;
				GCC_WARN_UNDECLARED_SELECTOR = YES;
				GCC_WARN_UNINITIALIZED_AUTOS = YES_AGGRESSIVE;
				GCC_WARN_UNUSED_FUNCTION = YES;
				GCC_WARN_UNUSED_VARIABLE = YES;
				IPHONEOS_DEPLOYMENT_TARGET = 10.3;
				MTL_ENABLE_DEBUG_INFO = NO;
				SDKROOT = iphoneos;
				VALIDATE_PRODUCT = YES;
			};
			name = Release;
		};
		593C155D1F44C5E900481F48 /* Debug */ = {
			isa = XCBuildConfiguration;
			buildSettings = {
				ASSETCATALOG_COMPILER_APPICON_NAME = AppIcon;
				INFOPLIST_FILE = EveryDoAgain/Info.plist;
				LD_RUNPATH_SEARCH_PATHS = "$(inherited) @executable_path/Frameworks";
				PRODUCT_BUNDLE_IDENTIFIER = com.varninderrai.EveryDoAgain;
				PRODUCT_NAME = "$(TARGET_NAME)";
			};
			name = Debug;
		};
		593C155E1F44C5E900481F48 /* Release */ = {
			isa = XCBuildConfiguration;
			buildSettings = {
				ASSETCATALOG_COMPILER_APPICON_NAME = AppIcon;
				INFOPLIST_FILE = EveryDoAgain/Info.plist;
				LD_RUNPATH_SEARCH_PATHS = "$(inherited) @executable_path/Frameworks";
				PRODUCT_BUNDLE_IDENTIFIER = com.varninderrai.EveryDoAgain;
				PRODUCT_NAME = "$(TARGET_NAME)";
			};
			name = Release;
		};
/* End XCBuildConfiguration section */

/* Begin XCConfigurationList section */
		593C153A1F44C5E900481F48 /* Build configuration list for PBXProject "EveryDoAgain" */ = {
			isa = XCConfigurationList;
			buildConfigurations = (
				593C155A1F44C5E900481F48 /* Debug */,
				593C155B1F44C5E900481F48 /* Release */,
			);
			defaultConfigurationIsVisible = 0;
			defaultConfigurationName = Release;
		};
		593C155C1F44C5E900481F48 /* Build configuration list for PBXNativeTarget "EveryDoAgain" */ = {
			isa = XCConfigurationList;
			buildConfigurations = (
				593C155D1F44C5E900481F48 /* Debug */,
				593C155E1F44C5E900481F48 /* Release */,
			);
			defaultConfigurationIsVisible = 0;
		};
/* End XCConfigurationList section */

/* Begin XCVersionGroup section */
		593C15481F44C5E900481F48 /* EveryDoAgain.xcdatamodeld */ = {
			isa = XCVersionGroup;
			children = (
				593C15491F44C5E900481F48 /* EveryDoAgain.xcdatamodel */,
			);
			currentVersion = 593C15491F44C5E900481F48 /* EveryDoAgain.xcdatamodel */;
			path = EveryDoAgain.xcdatamodeld;
			sourceTree = "<group>";
			versionGroupType = wrapper.xcdatamodel;
		};
/* End XCVersionGroup section */
	};
	rootObject = 593C15371F44C5E900481F48 /* Project object */;
}
